uuid: 736be7fe-a776-479d-b7dd-acaed7373c61
langcode: en
status: true
dependencies:
  content:
    - 'block_content:basic:823039d1-3db0-4e5c-b6ef-5530258c7b5e'
  module:
    - block_content
  theme:
    - stark
id: stark_welcomeblock
theme: stark
region: sidebar_first
weight: 0
provider: null
plugin: 'block_content:823039d1-3db0-4e5c-b6ef-5530258c7b5e'
settings:
  id: 'block_content:823039d1-3db0-4e5c-b6ef-5530258c7b5e'
  label: 'Welcome Block'
  label_display: '0'
  provider: block_content
  view_mode: full
visibility: {  }
